
Microsoft Visual Studio Solution File, Format Version 12.00
# Visual Studio Version 17
VisualStudioVersion = 17.4.33403.182
MinimumVisualStudioVersion = 10.0.40219.1
Project("{FAE04EC0-301F-11D3-BF4B-00C04F79EFBC}") = "Facerecognitionps.Server", "Facerecognitionps\Server\Facerecognitionps.Server.csproj", "{34902CB9-8B82-4266-80C2-4F26CACDA83A}"
EndProject
Project("{FAE04EC0-301F-11D3-BF4B-00C04F79EFBC}") = "Facerecognitionps.Client", "Facerecognitionps\Client\Facerecognitionps.Client.csproj", "{2E2D5B5D-574D-43A8-A7EA-2295D5D23313}"
EndProject
Project("{FAE04EC0-301F-11D3-BF4B-00C04F79EFBC}") = "Facerecognitionps.Shared", "Facerecognitionps\Shared\Facerecognitionps.Shared.csproj", "{739C6B2D-04F8-47E2-B20A-FF4A9A7AECE5}"
EndProject
Global
	GlobalSection(SolutionConfigurationPlatforms) = preSolution
		Debug|Any CPU = Debug|Any CPU
		Release|Any CPU = Release|Any CPU
	EndGlobalSection
	GlobalSection(ProjectConfigurationPlatforms) = postSolution
		{34902CB9-8B82-4266-80C2-4F26CACDA83A}.Debug|Any CPU.ActiveCfg = Debug|Any CPU
		{34902CB9-8B82-4266-80C2-4F26CACDA83A}.Debug|Any CPU.Build.0 = Debug|Any CPU
		{34902CB9-8B82-4266-80C2-4F26CACDA83A}.Release|Any CPU.ActiveCfg = Release|Any CPU
		{34902CB9-8B82-4266-80C2-4F26CACDA83A}.Release|Any CPU.Build.0 = Release|Any CPU
		{2E2D5B5D-574D-43A8-A7EA-2295D5D23313}.Debug|Any CPU.ActiveCfg = Debug|Any CPU
		{2E2D5B5D-574D-43A8-A7EA-2295D5D23313}.Debug|Any CPU.Build.0 = Debug|Any CPU
		{2E2D5B5D-574D-43A8-A7EA-2295D5D23313}.Release|Any CPU.ActiveCfg = Release|Any CPU
		{2E2D5B5D-574D-43A8-A7EA-2295D5D23313}.Release|Any CPU.Build.0 = Release|Any CPU
		{739C6B2D-04F8-47E2-B20A-FF4A9A7AECE5}.Debug|Any CPU.ActiveCfg = Debug|Any CPU
		{739C6B2D-04F8-47E2-B20A-FF4A9A7AECE5}.Debug|Any CPU.Build.0 = Debug|Any CPU
		{739C6B2D-04F8-47E2-B20A-FF4A9A7AECE5}.Release|Any CPU.ActiveCfg = Release|Any CPU
		{739C6B2D-04F8-47E2-B20A-FF4A9A7AECE5}.Release|Any CPU.Build.0 = Release|Any CPU
	EndGlobalSection
	GlobalSection(SolutionProperties) = preSolution
		HideSolutionNode = FALSE
	EndGlobalSection
	GlobalSection(ExtensibilityGlobals) = postSolution
		SolutionGuid = {571F82E7-712A-47F2-AD84-8C6C7F31EBF4}
	EndGlobalSection
EndGlobal
